// !$*UTF8*$!
{
	archiveVersion = 1;
	classes = {
	};
	objectVersion = 48;
	objects = {

/* Begin PBXBuildFile section */
		DE4BDCC02033C71E0083D36B /* AppDelegate.swift in Sources */ = {isa = PBXBuildFile; fileRef = DE4BDCBF2033C71E0083D36B /* AppDelegate.swift */; };
		DE4BDCC42033C71E0083D36B /* AddItemViewController.swift in Sources */ = {isa = PBXBuildFile; fileRef = DE4BDCC32033C71E0083D36B /* AddItemViewController.swift */; };
		DE4BDCC72033C71E0083D36B /* Main.storyboard in Resources */ = {isa = PBXBuildFile; fileRef = DE4BDCC52033C71E0083D36B /* Main.storyboard */; };
		DE4BDCC92033C71E0083D36B /* Assets.xcassets in Resources */ = {isa = PBXBuildFile; fileRef = DE4BDCC82033C71E0083D36B /* Assets.xcassets */; };
		DE4BDCCC2033C71E0083D36B /* LaunchScreen.storyboard in Resources */ = {isa = PBXBuildFile; fileRef = DE4BDCCA2033C71E0083D36B /* LaunchScreen.storyboard */; };
		DE4BDCD42033DDFD0083D36B /* ToDoListViewController.swift in Sources */ = {isa = PBXBuildFile; fileRef = DE4BDCD32033DDFD0083D36B /* ToDoListViewController.swift */; };
/* End PBXBuildFile section */

/* Begin PBXFileReference section */
		DE4BDCBC2033C71E0083D36B /* ToDoList2.app */ = {isa = PBXFileReference; explicitFileType = wrapper.application; includeInIndex = 0; path = ToDoList2.app; sourceTree = BUILT_PRODUCTS_DIR; };
		DE4BDCBF2033C71E0083D36B /* AppDelegate.swift */ = {isa = PBXFileReference; lastKnownFileType = sourcecode.swift; path = AppDelegate.swift; sourceTree = "<group>"; };
		DE4BDCC32033C71E0083D36B /* AddItemViewController.swift */ = {isa = PBXFileReference; lastKnownFileType = sourcecode.swift; path = AddItemViewController.swift; sourceTree = "<group>"; };
		DE4BDCC62033C71E0083D36B /* Base */ = {isa = PBXFileReference; lastKnownFileType = file.storyboard; name = Base; path = Base.lproj/Main.storyboard; sourceTree = "<group>"; };
		DE4BDCC82033C71E0083D36B /* Assets.xcassets */ = {isa = PBXFileReference; lastKnownFileType = folder.assetcatalog; path = Assets.xcassets; sourceTree = "<group>"; };
		DE4BDCCB2033C71E0083D36B /* Base */ = {isa = PBXFileReference; lastKnownFileType = file.storyboard; name = Base; path = Base.lproj/LaunchScreen.storyboard; sourceTree = "<group>"; };
		DE4BDCCD2033C71E0083D36B /* Info.plist */ = {isa = PBXFileReference; lastKnownFileType = text.plist.xml; path = Info.plist; sourceTree = "<group>"; };
		DE4BDCD32033DDFD0083D36B /* ToDoListViewController.swift */ = {isa = PBXFileReference; lastKnownFileType = sourcecode.swift; path = ToDoListViewController.swift; sourceTree = "<group>"; };
/* End PBXFileReference section */

/* Begin PBXFrameworksBuildPhase section */
		DE4BDCB92033C71E0083D36B /* Frameworks */ = {
			isa = PBXFrameworksBuildPhase;
			buildActionMask = 2147483647;
			files = (
			);
			runOnlyForDeploymentPostprocessing = 0;
		};
/* End PBXFrameworksBuildPhase section */

/* Begin PBXGroup section */
		DE4BDCB32033C71D0083D36B = {
			isa = PBXGroup;
			children = (
				DE4BDCBE2033C71E0083D36B /* ToDoList2 */,
				DE4BDCBD2033C71E0083D36B /* Products */,
			);
			sourceTree = "<group>";
		};
		DE4BDCBD2033C71E0083D36B /* Products */ = {
			isa = PBXGroup;
			children = (
				DE4BDCBC2033C71E0083D36B /* ToDoList2.app */,
			);
			name = Products;
			sourceTree = "<group>";
		};
		DE4BDCBE2033C71E0083D36B /* ToDoList2 */ = {
			isa = PBXGroup;
			children = (
				DE4BDCBF2033C71E0083D36B /* AppDelegate.swift */,
				DE4BDCC32033C71E0083D36B /* AddItemViewController.swift */,
				DE4BDCD32033DDFD0083D36B /* ToDoListViewController.swift */,
				DE4BDCC52033C71E0083D36B /* Main.storyboard */,
				DE4BDCC82033C71E0083D36B /* Assets.xcassets */,
				DE4BDCCA2033C71E0083D36B /* LaunchScreen.storyboard */,
				DE4BDCCD2033C71E0083D36B /* Info.plist */,
			);
			path = ToDoList2;
			sourceTree = "<group>";
		};
/* End PBXGroup section */

/* Begin PBXNativeTarget section */
		DE4BDCBB2033C71E0083D36B /* ToDoList2 */ = {
			isa = PBXNativeTarget;
			buildConfigurationList = DE4BDCD02033C71E0083D36B /* Build configuration list for PBXNativeTarget "ToDoList2" */;
			buildPhases = (
				DE4BDCB82033C71E0083D36B /* Sources */,
				DE4BDCB92033C71E0083D36B /* Frameworks */,
				DE4BDCBA2033C71E0083D36B /* Resources */,
			);
			buildRules = (
			);
			dependencies = (
			);
			name = ToDoList2;
			productName = ToDoList2;
			productReference = DE4BDCBC2033C71E0083D36B /* ToDoList2.app */;
			productType = "com.apple.product-type.application";
		};
/* End PBXNativeTarget section */

/* Begin PBXProject section */
		DE4BDCB42033C71D0083D36B /* Project object */ = {
			isa = PBXProject;
			attributes = {
				LastSwiftUpdateCheck = 0920;
				LastUpgradeCheck = 0920;
				ORGANIZATIONNAME = "Bettina Prophete";
				TargetAttributes = {
					DE4BDCBB2033C71E0083D36B = {
						CreatedOnToolsVersion = 9.2;
						ProvisioningStyle = Automatic;
					};
				};
			};
			buildConfigurationList = DE4BDCB72033C71D0083D36B /* Build configuration list for PBXProject "ToDoList2" */;
			compatibilityVersion = "Xcode 8.0";
			developmentRegion = en;
			hasScannedForEncodings = 0;
			knownRegions = (
				en,
				Base,
			);
			mainGroup = DE4BDCB32033C71D0083D36B;
			productRefGroup = DE4BDCBD2033C71E0083D36B /* Products */;
			projectDirPath = "";
			projectRoot = "";
			targets = (
				DE4BDCBB2033C71E0083D36B /* ToDoList2 */,
			);
		};
/* End PBXProject section */

/* Begin PBXResourcesBuildPhase section */
		DE4BDCBA2033C71E0083D36B /* Resources */ = {
			isa = PBXResourcesBuildPhase;
			buildActionMask = 2147483647;
			files = (
				DE4BDCCC2033C71E0083D36B /* LaunchScreen.storyboard in Resources */,
				DE4BDCC92033C71E0083D36B /* Assets.xcassets in Resources */,
				DE4BDCC72033C71E0083D36B /* Main.storyboard in Resources */,
			);
			runOnlyForDeploymentPostprocessing = 0;
		};
/* End PBXResourcesBuildPhase section */

/* Begin PBXSourcesBuildPhase section */
		DE4BDCB82033C71E0083D36B /* Sources */ = {
			isa = PBXSourcesBuildPhase;
			buildActionMask = 2147483647;
			files = (
				DE4BDCD42033DDFD0083D36B /* ToDoListViewController.swift in Sources */,
				DE4BDCC42033C71E0083D36B /* AddItemViewController.swift in Sources */,
				DE4BDCC02033C71E0083D36B /* AppDelegate.swift in Sources */,
			);
			runOnlyForDeploymentPostprocessing = 0;
		};
/* End PBXSourcesBuildPhase section */

/* Begin PBXVariantGroup section */
		DE4BDCC52033C71E0083D36B /* Main.storyboard */ = {
			isa = PBXVariantGroup;
			children = (
				DE4BDCC62033C71E0083D36B /* Base */,
			);
			name = Main.storyboard;
			sourceTree = "<group>";
		};
		DE4BDCCA2033C71E0083D36B /* LaunchScreen.storyboard */ = {
			isa = PBXVariantGroup;
			children = (
				DE4BDCCB2033C71E0083D36B /* Base */,
			);
			name = LaunchScreen.storyboard;
			sourceTree = "<group>";
		};
/* End PBXVariantGroup section */

/* Begin XCBuildConfiguration section */
		DE4BDCCE2033C71E0083D36B /* Debug */ = {
			isa = XCBuildConfiguration;
			buildSettings = {
				ALWAYS_SEARCH_USER_PATHS = NO;
				CLANG_ANALYZER_NONNULL = YES;
				CLANG_ANALYZER_NUMBER_OBJECT_CONVERSION = YES_AGGRESSIVE;
				CLANG_CXX_LANGUAGE_STANDARD = "gnu++14";
				CLANG_CXX_LIBRARY = "libc++";
				CLANG_ENABLE_MODULES = YES;
				CLANG_ENABLE_OBJC_ARC = YES;
				CLANG_WARN_BLOCK_CAPTURE_AUTORELEASING = YES;
				CLANG_WARN_BOOL_CONVERSION = YES;
				CLANG_WARN_COMMA = YES;
				CLANG_WARN_CONSTANT_CONVERSION = YES;
				CLANG_WARN_DIRECT_OBJC_ISA_USAGE = YES_ERROR;
				CLANG_WARN_DOCUMENTATION_COMMENTS = YES;
				CLANG_WARN_EMPTY_BODY = YES;
				CLANG_WARN_ENUM_CONVERSION = YES;
				CLANG_WARN_INFINITE_RECURSION = YES;
				CLANG_WARN_INT_CONVERSION = YES;
				CLANG_WARN_NON_LITERAL_NULL_CONVERSION = YES;
				CLANG_WARN_OBJC_LITERAL_CONVERSION = YES;
				CLANG_WARN_OBJC_ROOT_CLASS = YES_ERROR;
				CLANG_WARN_RANGE_LOOP_ANALYSIS = YES;
				CLANG_WARN_STRICT_PROTOTYPES = YES;
				CLANG_WARN_SUSPICIOUS_MOVE = YES;
				CLANG_WARN_UNGUARDED_AVAILABILITY = YES_AGGRESSIVE;
				CLANG_WARN_UNREACHABLE_CODE = YES;
				CLANG_WARN__DUPLICATE_METHOD_MATCH = YES;
				CODE_SIGN_IDENTITY = "iPhone Developer";
				COPY_PHASE_STRIP = NO;
				DEBUG_INFORMATION_FORMAT = dwarf;
				ENABLE_STRICT_OBJC_MSGSEND = YES;
				ENABLE_TESTABILITY = YES;
				GCC_C_LANGUAGE_STANDARD = gnu11;
				GCC_DYNAMIC_NO_PIC = NO;
				GCC_NO_COMMON_BLOCKS = YES;
				GCC_OPTIMIZATION_LEVEL = 0;
				GCC_PREPROCESSOR_DEFINITIONS = (
					"DEBUG=1",
					"$(inherited)",
				);
				GCC_WARN_64_TO_32_BIT_CONVERSION = YES;
				GCC_WARN_ABOUT_RETURN_TYPE = YES_ERROR;
				GCC_WARN_UNDECLARED_SELECTOR = YES;
				GCC_WARN_UNINITIALIZED_AUTOS = YES_AGGRESSIVE;
				GCC_WARN_UNUSED_FUNCTION = YES;
				GCC_WARN_UNUSED_VARIABLE = YES;
				IPHONEOS_DEPLOYMENT_TARGET = 11.2;
				MTL_ENABLE_DEBUG_INFO = YES;
				ONLY_ACTIVE_ARCH = YES;
				SDKROOT = iphoneos;
				SWIFT_ACTIVE_COMPILATION_CONDITIONS = DEBUG;
				SWIFT_OPTIMIZATION_LEVEL = "-Onone";
			};
			name = Debug;
		};
		DE4BDCCF2033C71E0083D36B /* Release */ = {
			isa = XCBuildConfiguration;
			buildSettings = {
				ALWAYS_SEARCH_USER_PATHS = NO;
				CLANG_ANALYZER_NONNULL = YES;
				CLANG_ANALYZER_NUMBER_OBJECT_CONVERSION = YES_AGGRESSIVE;
				CLANG_CXX_LANGUAGE_STANDARD = "gnu++14";
				CLANG_CXX_LIBRARY = "libc++";
				CLANG_ENABLE_MODULES = YES;
				CLANG_ENABLE_OBJC_ARC = YES;
				CLANG_WARN_BLOCK_CAPTURE_AUTORELEASING = YES;
				CLANG_WARN_BOOL_CONVERSION = YES;
				CLANG_WARN_COMMA = YES;
				CLANG_WARN_CONSTANT_CONVERSION = YES;
				CLANG_WARN_DIRECT_OBJC_ISA_USAGE = YES_ERROR;
				CLANG_WARN_DOCUMENTATION_COMMENTS = YES;
				CLANG_WARN_EMPTY_BODY = YES;
				CLANG_WARN_ENUM_CONVERSION = YES;
				CLANG_WARN_INFINITE_RECURSION = YES;
				CLANG_WARN_INT_CONVERSION = YES;
				CLANG_WARN_NON_LITERAL_NULL_CONVERSION = YES;
				CLANG_WARN_OBJC_LITERAL_CONVERSION = YES;
				CLANG_WARN_OBJC_ROOT_CLASS = YES_ERROR;
				CLANG_WARN_RANGE_LOOP_ANALYSIS = YES;
				CLANG_WARN_STRICT_PROTOTYPES = YES;
				CLANG_WARN_SUSPICIOUS_MOVE = YES;
				CLANG_WARN_UNGUARDED_AVAILABILITY = YES_AGGRESSIVE;
				CLANG_WARN_UNREACHABLE_CODE = YES;
				CLANG_WARN__DUPLICATE_METHOD_MATCH = YES;
				CODE_SIGN_IDENTITY = "iPhone Developer";
				COPY_PHASE_STRIP = NO;
				DEBUG_INFORMATION_FORMAT = "dwarf-with-dsym";
				ENABLE_NS_ASSERTIONS = NO;
				ENABLE_STRICT_OBJC_MSGSEND = YES;
				GCC_C_LANGUAGE_STANDARD = gnu11;
				GCC_NO_COMMON_BLOCKS = YES;
				GCC_WARN_64_TO_32_BIT_CONVERSION = YES;
				GCC_WARN_ABOUT_RETURN_TYPE = YES_ERROR;
				GCC_WARN_UNDECLARED_SELECTOR = YES;
				GCC_WARN_UNINITIALIZED_AUTOS = YES_AGGRESSIVE;
				GCC_WARN_UNUSED_FUNCTION = YES;
				GCC_WARN_UNUSED_VARIABLE = YES;
				IPHONEOS_DEPLOYMENT_TARGET = 11.2;
				MTL_ENABLE_DEBUG_INFO = NO;
				SDKROOT = iphoneos;
				SWIFT_OPTIMIZATION_LEVEL = "-Owholemodule";
				VALIDATE_PRODUCT = YES;
			};
			name = Release;
		};
		DE4BDCD12033C71E0083D36B /* Debug */ = {
			isa = XCBuildConfiguration;
			buildSettings = {
				ASSETCATALOG_COMPILER_APPICON_NAME = AppIcon;
				CODE_SIGN_STYLE = Automatic;
				DEVELOPMENT_TEAM = PC6SC7E96K;
				INFOPLIST_FILE = ToDoList2/Info.plist;
				LD_RUNPATH_SEARCH_PATHS = "$(inherited) @executable_path/Frameworks";
				PRODUCT_BUNDLE_IDENTIFIER = com.BP.ToDoList2;
				PRODUCT_NAME = "$(TARGET_NAME)";
				SWIFT_VERSION = 4.0;
				TARGETED_DEVICE_FAMILY = "1,2";
			};
			name = Debug;
		};
		DE4BDCD22033C71E0083D36B /* Release */ = {
			isa = XCBuildConfiguration;
			buildSettings = {
				ASSETCATALOG_COMPILER_APPICON_NAME = AppIcon;
				CODE_SIGN_STYLE = Automatic;
				DEVELOPMENT_TEAM = PC6SC7E96K;
				INFOPLIST_FILE = ToDoList2/Info.plist;
				LD_RUNPATH_SEARCH_PATHS = "$(inherited) @executable_path/Frameworks";
				PRODUCT_BUNDLE_IDENTIFIER = com.BP.ToDoList2;
				PRODUCT_NAME = "$(TARGET_NAME)";
				SWIFT_VERSION = 4.0;
				TARGETED_DEVICE_FAMILY = "1,2";
			};
			name = Release;
		};
/* End XCBuildConfiguration section */

/* Begin XCConfigurationList section */
		DE4BDCB72033C71D0083D36B /* Build configuration list for PBXProject "ToDoList2" */ = {
			isa = XCConfigurationList;
			buildConfigurations = (
				DE4BDCCE2033C71E0083D36B /* Debug */,
				DE4BDCCF2033C71E0083D36B /* Release */,
			);
			defaultConfigurationIsVisible = 0;
			defaultConfigurationName = Release;
		};
		DE4BDCD02033C71E0083D36B /* Build configuration list for PBXNativeTarget "ToDoList2" */ = {
			isa = XCConfigurationList;
			buildConfigurations = (
				DE4BDCD12033C71E0083D36B /* Debug */,
				DE4BDCD22033C71E0083D36B /* Release */,
			);
			defaultConfigurationIsVisible = 0;
			defaultConfigurationName = Release;
		};
/* End XCConfigurationList section */
	};
	rootObject = DE4BDCB42033C71D0083D36B /* Project object */;
}
